
Microsoft Visual Studio Solution File, Format Version 12.00
# Visual Studio Version 16
VisualStudioVersion = 16.0.28803.156
MinimumVisualStudioVersion = 10.0.40219.1
Project("{9A19103F-16F7-4668-BE54-9A1E7A4F7556}") = "CommandLineArgumentParser", "CommandLineArgumentParser\CommandLineArgumentParser.csproj", "{DE15AE7E-E80C-4A88-A050-A19A99000494}"
EndProject
Project("{FAE04EC0-301F-11D3-BF4B-00C04F79EFBC}") = "CommandLineArgumentParser.Test", "Test\CommandLineArgumentParser.Test\CommandLineArgumentParser.Test.csproj", "{386E07EF-CC1A-422C-A2F6-6BA76DFEEDED}"
EndProject
Project("{2150E333-8FDC-42A3-9474-1A3956D46DE8}") = "Test", "Test", "{C743555A-1AFD-4ECC-98DB-EBEB17B540D2}"
	ProjectSection(SolutionItems) = preProject
		cover.bat = cover.bat
	EndProjectSection
EndProject
Project("{FAE04EC0-301F-11D3-BF4B-00C04F79EFBC}") = "ArgumentSplitter.Test", "ArgumentSplitter.Test\ArgumentSplitter.Test.csproj", "{D6BFDB47-820C-4180-AF99-1B4CACD065A5}"
EndProject
Global
	GlobalSection(SolutionConfigurationPlatforms) = preSolution
		Debug|Any CPU = Debug|Any CPU
		Release|Any CPU = Release|Any CPU
	EndGlobalSection
	GlobalSection(ProjectConfigurationPlatforms) = postSolution
		{DE15AE7E-E80C-4A88-A050-A19A99000494}.Debug|Any CPU.ActiveCfg = Debug|Any CPU
		{DE15AE7E-E80C-4A88-A050-A19A99000494}.Debug|Any CPU.Build.0 = Debug|Any CPU
		{DE15AE7E-E80C-4A88-A050-A19A99000494}.Release|Any CPU.ActiveCfg = Release|Any CPU
		{DE15AE7E-E80C-4A88-A050-A19A99000494}.Release|Any CPU.Build.0 = Release|Any CPU
		{D6BFDB47-820C-4180-AF99-1B4CACD065A5}.Debug|Any CPU.ActiveCfg = Debug|Any CPU
		{D6BFDB47-820C-4180-AF99-1B4CACD065A5}.Debug|Any CPU.Build.0 = Debug|Any CPU
		{D6BFDB47-820C-4180-AF99-1B4CACD065A5}.Release|Any CPU.ActiveCfg = Release|Any CPU
		{D6BFDB47-820C-4180-AF99-1B4CACD065A5}.Release|Any CPU.Build.0 = Release|Any CPU
		{386E07EF-CC1A-422C-A2F6-6BA76DFEEDED}.Debug|Any CPU.ActiveCfg = Debug|Any CPU
		{386E07EF-CC1A-422C-A2F6-6BA76DFEEDED}.Debug|Any CPU.Build.0 = Debug|Any CPU
		{386E07EF-CC1A-422C-A2F6-6BA76DFEEDED}.Release|Any CPU.ActiveCfg = Release|Any CPU
		{386E07EF-CC1A-422C-A2F6-6BA76DFEEDED}.Release|Any CPU.Build.0 = Release|Any CPU
	EndGlobalSection
	GlobalSection(SolutionProperties) = preSolution
		HideSolutionNode = FALSE
	EndGlobalSection
	GlobalSection(NestedProjects) = preSolution
		{386E07EF-CC1A-422C-A2F6-6BA76DFEEDED} = {C743555A-1AFD-4ECC-98DB-EBEB17B540D2}
	EndGlobalSection
	GlobalSection(ExtensibilityGlobals) = postSolution
		SolutionGuid = {3688AE40-C1C6-41C8-97A9-94637039DB5E}
	EndGlobalSection
EndGlobal
